Microsoft Visual Studio Solution File, Format Version 12.00
# Visual Studio Version 17
VisualStudioVersion = 17.5.2.0
MinimumVisualStudioVersion = 10.0.40219.1
Project("{2150E333-8FDC-42A3-9474-1A3956D46DE8}") = "003 - DecoratorPattern", "003 - DecoratorPattern", "{5F3D49FD-114B-1D7F-2F6C-E274999B2A66}"
EndProject
Project("{FAE04EC0-301F-11D3-BF4B-00C04F79EFBC}") = "DecoratorPattern", "003 - DecoratorPattern\DecoratorPattern\DecoratorPattern.csproj", "{B2744EA2-A5B2-D55F-04AA-4B6C5F4D102F}"
EndProject
Global
	GlobalSection(SolutionConfigurationPlatforms) = preSolution
		Debug|Any CPU = Debug|Any CPU
		Release|Any CPU = Release|Any CPU
	EndGlobalSection
	GlobalSection(ProjectConfigurationPlatforms) = postSolution
		{B2744EA2-A5B2-D55F-04AA-4B6C5F4D102F}.Debug|Any CPU.ActiveCfg = Debug|Any CPU
		{B2744EA2-A5B2-D55F-04AA-4B6C5F4D102F}.Debug|Any CPU.Build.0 = Debug|Any CPU
		{B2744EA2-A5B2-D55F-04AA-4B6C5F4D102F}.Release|Any CPU.ActiveCfg = Release|Any CPU
		{B2744EA2-A5B2-D55F-04AA-4B6C5F4D102F}.Release|Any CPU.Build.0 = Release|Any CPU
	EndGlobalSection
	GlobalSection(SolutionProperties) = preSolution
		HideSolutionNode = FALSE
	EndGlobalSection
	GlobalSection(NestedProjects) = preSolution
		{B2744EA2-A5B2-D55F-04AA-4B6C5F4D102F} = {5F3D49FD-114B-1D7F-2F6C-E274999B2A66}
	EndGlobalSection
	GlobalSection(ExtensibilityGlobals) = postSolution
		SolutionGuid = {4DF62605-6D94-48F3-8ECE-833AD9C2F002}
	EndGlobalSection
EndGlobal
